
Microsoft Visual Studio Solution File, Format Version 12.00
# Visual Studio Version 16
VisualStudioVersion = 16.0.30907.101
MinimumVisualStudioVersion = 10.0.40219.1
Project("{FAE04EC0-301F-11D3-BF4B-00C04F79EFBC}") = "Ejerc-Fechas", "Ejerc-Fechas\Ejerc-Fechas.csproj", "{F90FF4E8-26DF-4EEB-B42C-AEC726C2286A}"
EndProject
Global
	GlobalSection(SolutionConfigurationPlatforms) = preSolution
		Debug|Any CPU = Debug|Any CPU
		Release|Any CPU = Release|Any CPU
	EndGlobalSection
	GlobalSection(ProjectConfigurationPlatforms) = postSolution
		{F90FF4E8-26DF-4EEB-B42C-AEC726C2286A}.Debug|Any CPU.ActiveCfg = Debug|Any CPU
		{F90FF4E8-26DF-4EEB-B42C-AEC726C2286A}.Debug|Any CPU.Build.0 = Debug|Any CPU
		{F90FF4E8-26DF-4EEB-B42C-AEC726C2286A}.Release|Any CPU.ActiveCfg = Release|Any CPU
		{F90FF4E8-26DF-4EEB-B42C-AEC726C2286A}.Release|Any CPU.Build.0 = Release|Any CPU
	EndGlobalSection
	GlobalSection(SolutionProperties) = preSolution
		HideSolutionNode = FALSE
	EndGlobalSection
	GlobalSection(ExtensibilityGlobals) = postSolution
		SolutionGuid = {334CB5CB-9B17-452D-8BD3-4F524D4DA673}
	EndGlobalSection
EndGlobal
