
Microsoft Visual Studio Solution File, Format Version 12.00
# Visual Studio Version 16
VisualStudioVersion = 16.0.30907.101
MinimumVisualStudioVersion = 10.0.40219.1
Project("{FAE04EC0-301F-11D3-BF4B-00C04F79EFBC}") = "Ejerc-Cadenas", "Ejerc-Cadenas\Ejerc-Cadenas.csproj", "{B22F0FDC-218B-4F66-A338-2026CAC34F84}"
EndProject
Global
	GlobalSection(SolutionConfigurationPlatforms) = preSolution
		Debug|Any CPU = Debug|Any CPU
		Release|Any CPU = Release|Any CPU
	EndGlobalSection
	GlobalSection(ProjectConfigurationPlatforms) = postSolution
		{B22F0FDC-218B-4F66-A338-2026CAC34F84}.Debug|Any CPU.ActiveCfg = Debug|Any CPU
		{B22F0FDC-218B-4F66-A338-2026CAC34F84}.Debug|Any CPU.Build.0 = Debug|Any CPU
		{B22F0FDC-218B-4F66-A338-2026CAC34F84}.Release|Any CPU.ActiveCfg = Release|Any CPU
		{B22F0FDC-218B-4F66-A338-2026CAC34F84}.Release|Any CPU.Build.0 = Release|Any CPU
	EndGlobalSection
	GlobalSection(SolutionProperties) = preSolution
		HideSolutionNode = FALSE
	EndGlobalSection
	GlobalSection(ExtensibilityGlobals) = postSolution
		SolutionGuid = {DBB69DB4-69F0-44B7-A812-EA29BFA5C0DC}
	EndGlobalSection
EndGlobal
