
Microsoft Visual Studio Solution File, Format Version 12.00
# Visual Studio Version 16
VisualStudioVersion = 16.0.30907.101
MinimumVisualStudioVersion = 10.0.40219.1
Project("{FAE04EC0-301F-11D3-BF4B-00C04F79EFBC}") = "Ejerc-Arrays", "Ejerc-Arrays\Ejerc-Arrays.csproj", "{8A666C81-9966-43E2-8E3A-267C80230719}"
EndProject
Global
	GlobalSection(SolutionConfigurationPlatforms) = preSolution
		Debug|Any CPU = Debug|Any CPU
		Release|Any CPU = Release|Any CPU
	EndGlobalSection
	GlobalSection(ProjectConfigurationPlatforms) = postSolution
		{8A666C81-9966-43E2-8E3A-267C80230719}.Debug|Any CPU.ActiveCfg = Debug|Any CPU
		{8A666C81-9966-43E2-8E3A-267C80230719}.Debug|Any CPU.Build.0 = Debug|Any CPU
		{8A666C81-9966-43E2-8E3A-267C80230719}.Release|Any CPU.ActiveCfg = Release|Any CPU
		{8A666C81-9966-43E2-8E3A-267C80230719}.Release|Any CPU.Build.0 = Release|Any CPU
	EndGlobalSection
	GlobalSection(SolutionProperties) = preSolution
		HideSolutionNode = FALSE
	EndGlobalSection
	GlobalSection(ExtensibilityGlobals) = postSolution
		SolutionGuid = {01A40F2A-F310-420A-A1E5-08BEF6F3AFD9}
	EndGlobalSection
EndGlobal
